lockfileVersion: '9.0'

settings:
  autoInstallPeers: true
  excludeLinksFromLockfile: false

overrides:
  tailwindcss>
nanoid: 3.3.7

patchedDependencies:
  wouter@3.7.1:
    hash: 4e16e6ff3fde7d6c1024d3e0c8605dc9eb6afb690d0dd4995c82f44490918i3072
    path: patches/wouter@3.7.1.patch

importers:

  .:
    devDependencies:
      '@types/node':
        specifier: ^20.0.0
        version: 20.11.5
      esbuild:
        specifier: ^0.20.0
        version: 0.20.1
      prettier:
        specifier: ^3.0.0
        version: 3.2.2
      typescript:
        specifier: ^5.0.0
        version: 5.3.3
      vite:
        specifier: ^5.0.0
        version: 5.0.10
